github.com/asciimoth/bufpool v0.3.0 h1:tQMop/kZ3eOLSorM9i0cqtOIpxWQUroGZ6oNk5DTnQc=
github.com/asciimoth/bufpool v0.3.0/go.mod h1:JV6H4hpj2bCS5Svr0wNqR+XOZFOOkdXfNZxCjm/3QHw=
golang.org/x/sys v0.42.0 h1:omrd2nAlyT5ESRdCLYdm3+fMfNFE/+Rf4bDIQImRJeo=
golang.org/x/sys v0.42.0/go.mod h1:4GL1E5IUh+htKOUEOaiffhrAeqysfVGipDYzABqnCmw=
